
Microsoft Visual Studio Solution File, Format Version 12.00
# Visual Studio Version 17
VisualStudioVersion = 17.7.34031.279
MinimumVisualStudioVersion = 10.0.40219.1
Project("{8BC9CEB8-8B4A-11D0-8D11-00A0C91BC942}") = "OpenCL_dev", "OpenCL_dev.vcxproj", "{939A92C0-0516-4C66-A84D-B0512E689452}"
EndProject
Global
	GlobalSection(SolutionConfigurationPlatforms) = preSolution
		Debug|x64 = Debug|x64
		Debug|x86 = Debug|x86
		Release|x64 = Release|x64
		Release|x86 = Release|x86
	EndGlobalSection
	GlobalSection(ProjectConfigurationPlatforms) = postSolution
		{939A92C0-0516-4C66-A84D-B0512E689452}.Debug|x64.ActiveCfg = Debug|x64
		{939A92C0-0516-4C66-A84D-B0512E689452}.Debug|x64.Build.0 = Debug|x64
		{939A92C0-0516-4C66-A84D-B0512E689452}.Debug|x86.ActiveCfg = Debug|Win32
		{939A92C0-0516-4C66-A84D-B0512E689452}.Debug|x86.Build.0 = Debug|Win32
		{939A92C0-0516-4C66-A84D-B0512E689452}.Release|x64.ActiveCfg = Release|x64
		{939A92C0-0516-4C66-A84D-B0512E689452}.Release|x64.Build.0 = Release|x64
		{939A92C0-0516-4C66-A84D-B0512E689452}.Release|x86.ActiveCfg = Release|Win32
		{939A92C0-0516-4C66-A84D-B0512E689452}.Release|x86.Build.0 = Release|Win32
	EndGlobalSection
	GlobalSection(SolutionProperties) = preSolution
		HideSolutionNode = FALSE
	EndGlobalSection
	GlobalSection(ExtensibilityGlobals) = postSolution
		SolutionGuid = {9EBC73C1-08FC-4F46-A4AD-17117880D283}
	EndGlobalSection
EndGlobal
